
Microsoft Visual Studio Solution File, Format Version 12.00
# Visual Studio 15
VisualStudioVersion = 15.0.28010.0
MinimumVisualStudioVersion = 10.0.40219.1
Project("{FAE04EC0-301F-11D3-BF4B-00C04F79EFBC}") = "task2", "task2\task2.csproj", "{CF0D0AFD-8A5B-4DF8-A49D-AF3DDC615343}"
EndProject
Global
	GlobalSection(SolutionConfigurationPlatforms) = preSolution
		Debug|Any CPU = Debug|Any CPU
		Release|Any CPU = Release|Any CPU
	EndGlobalSection
	GlobalSection(ProjectConfigurationPlatforms) = postSolution
		{CF0D0AFD-8A5B-4DF8-A49D-AF3DDC615343}.Debug|Any CPU.ActiveCfg = Debug|Any CPU
		{CF0D0AFD-8A5B-4DF8-A49D-AF3DDC615343}.Debug|Any CPU.Build.0 = Debug|Any CPU
		{CF0D0AFD-8A5B-4DF8-A49D-AF3DDC615343}.Release|Any CPU.ActiveCfg = Release|Any CPU
		{CF0D0AFD-8A5B-4DF8-A49D-AF3DDC615343}.Release|Any CPU.Build.0 = Release|Any CPU
	EndGlobalSection
	GlobalSection(SolutionProperties) = preSolution
		HideSolutionNode = FALSE
	EndGlobalSection
	GlobalSection(ExtensibilityGlobals) = postSolution
		SolutionGuid = {C6507B0A-5727-4383-9D21-7C69EBDA3400}
	EndGlobalSection
EndGlobal
