
Microsoft Visual Studio Solution File, Format Version 12.00
# Visual Studio 15
VisualStudioVersion = 15.0.28010.0
MinimumVisualStudioVersion = 10.0.40219.1
Project("{FAE04EC0-301F-11D3-BF4B-00C04F79EFBC}") = "Task1", "Task1\Task1.csproj", "{4AC0783E-B293-4B1D-8432-4D75A482D9DB}"
EndProject
Global
	GlobalSection(SolutionConfigurationPlatforms) = preSolution
		Debug|Any CPU = Debug|Any CPU
		Release|Any CPU = Release|Any CPU
	EndGlobalSection
	GlobalSection(ProjectConfigurationPlatforms) = postSolution
		{4AC0783E-B293-4B1D-8432-4D75A482D9DB}.Debug|Any CPU.ActiveCfg = Debug|Any CPU
		{4AC0783E-B293-4B1D-8432-4D75A482D9DB}.Debug|Any CPU.Build.0 = Debug|Any CPU
		{4AC0783E-B293-4B1D-8432-4D75A482D9DB}.Release|Any CPU.ActiveCfg = Release|Any CPU
		{4AC0783E-B293-4B1D-8432-4D75A482D9DB}.Release|Any CPU.Build.0 = Release|Any CPU
	EndGlobalSection
	GlobalSection(SolutionProperties) = preSolution
		HideSolutionNode = FALSE
	EndGlobalSection
	GlobalSection(ExtensibilityGlobals) = postSolution
		SolutionGuid = {0BD05150-994B-4008-9218-C6E34FFFA077}
	EndGlobalSection
EndGlobal
