
Microsoft Visual Studio Solution File, Format Version 12.00
# Visual Studio 15
VisualStudioVersion = 15.0.28010.0
MinimumVisualStudioVersion = 10.0.40219.1
Project("{FAE04EC0-301F-11D3-BF4B-00C04F79EFBC}") = "Task3", "Task3\Task3.csproj", "{36FC9542-1D9C-4DAD-93A5-DE4CA18B4B13}"
EndProject
Global
	GlobalSection(SolutionConfigurationPlatforms) = preSolution
		Debug|Any CPU = Debug|Any CPU
		Release|Any CPU = Release|Any CPU
	EndGlobalSection
	GlobalSection(ProjectConfigurationPlatforms) = postSolution
		{36FC9542-1D9C-4DAD-93A5-DE4CA18B4B13}.Debug|Any CPU.ActiveCfg = Debug|Any CPU
		{36FC9542-1D9C-4DAD-93A5-DE4CA18B4B13}.Debug|Any CPU.Build.0 = Debug|Any CPU
		{36FC9542-1D9C-4DAD-93A5-DE4CA18B4B13}.Release|Any CPU.ActiveCfg = Release|Any CPU
		{36FC9542-1D9C-4DAD-93A5-DE4CA18B4B13}.Release|Any CPU.Build.0 = Release|Any CPU
	EndGlobalSection
	GlobalSection(SolutionProperties) = preSolution
		HideSolutionNode = FALSE
	EndGlobalSection
	GlobalSection(ExtensibilityGlobals) = postSolution
		SolutionGuid = {3B97DFFB-ED55-496B-8D46-A50228B3111D}
	EndGlobalSection
EndGlobal
