
Microsoft Visual Studio Solution File, Format Version 12.00
# Visual Studio 15
VisualStudioVersion = 15.0.28010.0
MinimumVisualStudioVersion = 10.0.40219.1
Project("{FAE04EC0-301F-11D3-BF4B-00C04F79EFBC}") = "serialiaze", "serialiaze\serialiaze.csproj", "{8CA9B07E-0BC3-4269-A5E2-686C449D5BEE}"
EndProject
Global
	GlobalSection(SolutionConfigurationPlatforms) = preSolution
		Debug|Any CPU = Debug|Any CPU
		Release|Any CPU = Release|Any CPU
	EndGlobalSection
	GlobalSection(ProjectConfigurationPlatforms) = postSolution
		{8CA9B07E-0BC3-4269-A5E2-686C449D5BEE}.Debug|Any CPU.ActiveCfg = Debug|Any CPU
		{8CA9B07E-0BC3-4269-A5E2-686C449D5BEE}.Debug|Any CPU.Build.0 = Debug|Any CPU
		{8CA9B07E-0BC3-4269-A5E2-686C449D5BEE}.Release|Any CPU.ActiveCfg = Release|Any CPU
		{8CA9B07E-0BC3-4269-A5E2-686C449D5BEE}.Release|Any CPU.Build.0 = Release|Any CPU
	EndGlobalSection
	GlobalSection(SolutionProperties) = preSolution
		HideSolutionNode = FALSE
	EndGlobalSection
	GlobalSection(ExtensibilityGlobals) = postSolution
		SolutionGuid = {D3C93668-E16F-40B0-A230-7C8969817DD2}
	EndGlobalSection
EndGlobal
