
Microsoft Visual Studio Solution File, Format Version 12.00
# Visual Studio 15
VisualStudioVersion = 15.0.28010.0
MinimumVisualStudioVersion = 10.0.40219.1
Project("{FAE04EC0-301F-11D3-BF4B-00C04F79EFBC}") = "Far Manager", "Far Manager\Far Manager.csproj", "{E7F19E32-6C5F-4736-8E59-AAB09A0B19BA}"
EndProject
Global
	GlobalSection(SolutionConfigurationPlatforms) = preSolution
		Debug|Any CPU = Debug|Any CPU
		Release|Any CPU = Release|Any CPU
	EndGlobalSection
	GlobalSection(ProjectConfigurationPlatforms) = postSolution
		{E7F19E32-6C5F-4736-8E59-AAB09A0B19BA}.Debug|Any CPU.ActiveCfg = Debug|Any CPU
		{E7F19E32-6C5F-4736-8E59-AAB09A0B19BA}.Debug|Any CPU.Build.0 = Debug|Any CPU
		{E7F19E32-6C5F-4736-8E59-AAB09A0B19BA}.Release|Any CPU.ActiveCfg = Release|Any CPU
		{E7F19E32-6C5F-4736-8E59-AAB09A0B19BA}.Release|Any CPU.Build.0 = Release|Any CPU
	EndGlobalSection
	GlobalSection(SolutionProperties) = preSolution
		HideSolutionNode = FALSE
	EndGlobalSection
	GlobalSection(ExtensibilityGlobals) = postSolution
		SolutionGuid = {054746B2-4FA8-4F8A-B014-AB9F0ED15530}
	EndGlobalSection
EndGlobal
